
Microsoft Visual Studio Solution File, Format Version 12.00
# Visual Studio Version 17
VisualStudioVersion = 17.4.33205.214
MinimumVisualStudioVersion = 10.0.40219.1
Project("{FAE04EC0-301F-11D3-BF4B-00C04F79EFBC}") = "ProgramacaoAssincrona", "ProgramacaoAssincrona.csproj", "{B53333FD-4FCC-4F18-AF22-37E5F50A9749}"
EndProject
Global
	GlobalSection(SolutionConfigurationPlatforms) = preSolution
		Debug|Any CPU = Debug|Any CPU
		Release|Any CPU = Release|Any CPU
	EndGlobalSection
	GlobalSection(ProjectConfigurationPlatforms) = postSolution
		{B53333FD-4FCC-4F18-AF22-37E5F50A9749}.Debug|Any CPU.ActiveCfg = Debug|Any CPU
		{B53333FD-4FCC-4F18-AF22-37E5F50A9749}.Debug|Any CPU.Build.0 = Debug|Any CPU
		{B53333FD-4FCC-4F18-AF22-37E5F50A9749}.Release|Any CPU.ActiveCfg = Release|Any CPU
		{B53333FD-4FCC-4F18-AF22-37E5F50A9749}.Release|Any CPU.Build.0 = Release|Any CPU
	EndGlobalSection
	GlobalSection(SolutionProperties) = preSolution
		HideSolutionNode = FALSE
	EndGlobalSection
	GlobalSection(ExtensibilityGlobals) = postSolution
		SolutionGuid = {EE6E51AE-D370-41F2-9D42-1217B70285DB}
	EndGlobalSection
EndGlobal
