
Microsoft Visual Studio Solution File, Format Version 12.00
# Visual Studio Version 17
VisualStudioVersion = 17.4.33103.184
MinimumVisualStudioVersion = 10.0.40219.1
Project("{FAE04EC0-301F-11D3-BF4B-00C04F79EFBC}") = "LessonListBox", "LessonListBox.csproj", "{AD7C039C-4C1F-4632-98FF-6FAA33AB2C26}"
EndProject
Global
	GlobalSection(SolutionConfigurationPlatforms) = preSolution
		Debug|Any CPU = Debug|Any CPU
		Release|Any CPU = Release|Any CPU
	EndGlobalSection
	GlobalSection(ProjectConfigurationPlatforms) = postSolution
		{AD7C039C-4C1F-4632-98FF-6FAA33AB2C26}.Debug|Any CPU.ActiveCfg = Debug|Any CPU
		{AD7C039C-4C1F-4632-98FF-6FAA33AB2C26}.Debug|Any CPU.Build.0 = Debug|Any CPU
		{AD7C039C-4C1F-4632-98FF-6FAA33AB2C26}.Release|Any CPU.ActiveCfg = Release|Any CPU
		{AD7C039C-4C1F-4632-98FF-6FAA33AB2C26}.Release|Any CPU.Build.0 = Release|Any CPU
	EndGlobalSection
	GlobalSection(SolutionProperties) = preSolution
		HideSolutionNode = FALSE
	EndGlobalSection
	GlobalSection(ExtensibilityGlobals) = postSolution
		SolutionGuid = {578AAD78-0D7D-452B-B281-12367F20B75F}
	EndGlobalSection
EndGlobal
