
Microsoft Visual Studio Solution File, Format Version 12.00
# Visual Studio Version 17
VisualStudioVersion = 17.4.33103.184
MinimumVisualStudioVersion = 10.0.40219.1
Project("{FAE04EC0-301F-11D3-BF4B-00C04F79EFBC}") = "Aula13", "Aula13.csproj", "{DDDE8CE0-E2DE-4F02-B579-A274FEC39C2F}"
EndProject
Global
	GlobalSection(SolutionConfigurationPlatforms) = preSolution
		Debug|Any CPU = Debug|Any CPU
		Release|Any CPU = Release|Any CPU
	EndGlobalSection
	GlobalSection(ProjectConfigurationPlatforms) = postSolution
		{DDDE8CE0-E2DE-4F02-B579-A274FEC39C2F}.Debug|Any CPU.ActiveCfg = Debug|Any CPU
		{DDDE8CE0-E2DE-4F02-B579-A274FEC39C2F}.Debug|Any CPU.Build.0 = Debug|Any CPU
		{DDDE8CE0-E2DE-4F02-B579-A274FEC39C2F}.Release|Any CPU.ActiveCfg = Release|Any CPU
		{DDDE8CE0-E2DE-4F02-B579-A274FEC39C2F}.Release|Any CPU.Build.0 = Release|Any CPU
	EndGlobalSection
	GlobalSection(SolutionProperties) = preSolution
		HideSolutionNode = FALSE
	EndGlobalSection
	GlobalSection(ExtensibilityGlobals) = postSolution
		SolutionGuid = {83E9CE8A-98A4-4349-9D68-3C0FED107E83}
	EndGlobalSection
EndGlobal
