
Microsoft Visual Studio Solution File, Format Version 12.00
# Visual Studio Version 17
VisualStudioVersion = 17.4.33103.184
MinimumVisualStudioVersion = 10.0.40219.1
Project("{FAE04EC0-301F-11D3-BF4B-00C04F79EFBC}") = "11 - Loop For", "11 - Loop For.csproj", "{D666BEF2-8A58-4B0C-AC9E-45C060B34564}"
EndProject
Global
	GlobalSection(SolutionConfigurationPlatforms) = preSolution
		Debug|Any CPU = Debug|Any CPU
		Release|Any CPU = Release|Any CPU
	EndGlobalSection
	GlobalSection(ProjectConfigurationPlatforms) = postSolution
		{D666BEF2-8A58-4B0C-AC9E-45C060B34564}.Debug|Any CPU.ActiveCfg = Debug|Any CPU
		{D666BEF2-8A58-4B0C-AC9E-45C060B34564}.Debug|Any CPU.Build.0 = Debug|Any CPU
		{D666BEF2-8A58-4B0C-AC9E-45C060B34564}.Release|Any CPU.ActiveCfg = Release|Any CPU
		{D666BEF2-8A58-4B0C-AC9E-45C060B34564}.Release|Any CPU.Build.0 = Release|Any CPU
	EndGlobalSection
	GlobalSection(SolutionProperties) = preSolution
		HideSolutionNode = FALSE
	EndGlobalSection
	GlobalSection(ExtensibilityGlobals) = postSolution
		SolutionGuid = {0070A256-7863-48AA-833C-EDB9622A8059}
	EndGlobalSection
EndGlobal
