
Microsoft Visual Studio Solution File, Format Version 12.00
# Visual Studio Version 17
VisualStudioVersion = 17.4.33103.184
MinimumVisualStudioVersion = 10.0.40219.1
Project("{FAE04EC0-301F-11D3-BF4B-00C04F79EFBC}") = "Aula17", "Aula17.csproj", "{2ACCB858-B22D-4C20-9854-E8C9FA5ACC1F}"
EndProject
Global
	GlobalSection(SolutionConfigurationPlatforms) = preSolution
		Debug|Any CPU = Debug|Any CPU
		Release|Any CPU = Release|Any CPU
	EndGlobalSection
	GlobalSection(ProjectConfigurationPlatforms) = postSolution
		{2ACCB858-B22D-4C20-9854-E8C9FA5ACC1F}.Debug|Any CPU.ActiveCfg = Debug|Any CPU
		{2ACCB858-B22D-4C20-9854-E8C9FA5ACC1F}.Debug|Any CPU.Build.0 = Debug|Any CPU
		{2ACCB858-B22D-4C20-9854-E8C9FA5ACC1F}.Release|Any CPU.ActiveCfg = Release|Any CPU
		{2ACCB858-B22D-4C20-9854-E8C9FA5ACC1F}.Release|Any CPU.Build.0 = Release|Any CPU
	EndGlobalSection
	GlobalSection(SolutionProperties) = preSolution
		HideSolutionNode = FALSE
	EndGlobalSection
	GlobalSection(ExtensibilityGlobals) = postSolution
		SolutionGuid = {FA6AFC55-C109-434E-9B10-81DD3F100002}
	EndGlobalSection
EndGlobal
